
Microsoft Visual Studio Solution File, Format Version 12.00
# Visual Studio Version 17
VisualStudioVersion = 17.3.32825.248
MinimumVisualStudioVersion = 10.0.40219.1
Project("{FAE04EC0-301F-11D3-BF4B-00C04F79EFBC}") = "montyHall", "montyHall\montyHall.csproj", "{01A8FE80-93D5-4BAA-8A3B-EE8FB0D01820}"
EndProject
Global
	GlobalSection(SolutionConfigurationPlatforms) = preSolution
		Debug|Any CPU = Debug|Any CPU
		Release|Any CPU = Release|Any CPU
	EndGlobalSection
	GlobalSection(ProjectConfigurationPlatforms) = postSolution
		{01A8FE80-93D5-4BAA-8A3B-EE8FB0D01820}.Debug|Any CPU.ActiveCfg = Debug|Any CPU
		{01A8FE80-93D5-4BAA-8A3B-EE8FB0D01820}.Debug|Any CPU.Build.0 = Debug|Any CPU
		{01A8FE80-93D5-4BAA-8A3B-EE8FB0D01820}.Release|Any CPU.ActiveCfg = Release|Any CPU
		{01A8FE80-93D5-4BAA-8A3B-EE8FB0D01820}.Release|Any CPU.Build.0 = Release|Any CPU
	EndGlobalSection
	GlobalSection(SolutionProperties) = preSolution
		HideSolutionNode = FALSE
	EndGlobalSection
	GlobalSection(ExtensibilityGlobals) = postSolution
		SolutionGuid = {86A005F7-26AA-4E64-A05D-3040F1C16658}
	EndGlobalSection
EndGlobal
